
Microsoft Visual Studio Solution File, Format Version 12.00
# Visual Studio Version 16
VisualStudioVersion = 16.0.29503.13
MinimumVisualStudioVersion = 10.0.40219.1
Project("{888888A0-9F3D-457C-B088-3A5042F75D52}") = "PA1-A", "PA1-A\PA1-A.pyproj", "{BE2F27FB-14EA-466E-B943-C93A6D339697}"
EndProject
Global
	GlobalSection(SolutionConfigurationPlatforms) = preSolution
		Debug|Any CPU = Debug|Any CPU
		Release|Any CPU = Release|Any CPU
	EndGlobalSection
	GlobalSection(ProjectConfigurationPlatforms) = postSolution
		{BE2F27FB-14EA-466E-B943-C93A6D339697}.Debug|Any CPU.ActiveCfg = Debug|Any CPU
		{BE2F27FB-14EA-466E-B943-C93A6D339697}.Release|Any CPU.ActiveCfg = Release|Any CPU
	EndGlobalSection
	GlobalSection(SolutionProperties) = preSolution
		HideSolutionNode = FALSE
	EndGlobalSection
	GlobalSection(ExtensibilityGlobals) = postSolution
		SolutionGuid = {84CBA3C9-B766-48C5-BA23-2E2DC1C3635F}
	EndGlobalSection
EndGlobal
